Microsoft Visual Studio Solution File, Format Version 12.00
# Visual Studio 15
VisualStudioVersion = 15.0.27428.2027
MinimumVisualStudioVersion = 10.0.40219.1
Project("{9A19103F-16F7-4668-BE54-9A1E7A4F7556}") = "DysonsGalaxy", "DysonsGalaxy\DysonsGalaxy.csproj", "{1DA31CEC-1708-45F3-9933-D97E6A0A7EE3}"
EndProject
Global
	GlobalSection(SolutionConfigurationPlatforms) = preSolution
		Release|Any CPU = Release|Any CPU
	EndGlobalSection
	GlobalSection(ProjectConfigurationPlatforms) = postSolution
		{1DA31CEC-1708-45F3-9933-D97E6A0A7EE3}.Release|Any CPU.ActiveCfg = Release|Any CPU
		{1DA31CEC-1708-45F3-9933-D97E6A0A7EE3}.Release|Any CPU.Build.0 = Release|Any CPU
	EndGlobalSection
	GlobalSection(SolutionProperties) = preSolution
		HideSolutionNode = FALSE
	EndGlobalSection
	GlobalSection(ExtensibilityGlobals) = postSolution
		SolutionGuid = {87bd250a-8f96-49f7-b9ff-4c685f06e4bd}
	EndGlobalSection
EndGlobal
